
Microsoft Visual Studio Solution File, Format Version 12.00
# Visual Studio Version 17
VisualStudioVersion = 17.10.34928.147
MinimumVisualStudioVersion = 10.0.40219.1
Project("{FAE04EC0-301F-11D3-BF4B-00C04F79EFBC}") = "TestModul", "TestModul.csproj", "{D989142C-8473-403C-B2DC-0E6BDAE79F61}"
EndProject
Project("{FAE04EC0-301F-11D3-BF4B-00C04F79EFBC}") = "TestModull", "..\TestModull\TestModull.csproj", "{A9E4C558-3C6D-475B-AE92-FF5DCA91D812}"
EndProject
Global
	GlobalSection(SolutionConfigurationPlatforms) = preSolution
		Debug|Any CPU = Debug|Any CPU
		Release|Any CPU = Release|Any CPU
	EndGlobalSection
	GlobalSection(ProjectConfigurationPlatforms) = postSolution
		{D989142C-8473-403C-B2DC-0E6BDAE79F61}.Debug|Any CPU.ActiveCfg = Debug|Any CPU
		{D989142C-8473-403C-B2DC-0E6BDAE79F61}.Debug|Any CPU.Build.0 = Debug|Any CPU
		{D989142C-8473-403C-B2DC-0E6BDAE79F61}.Release|Any CPU.ActiveCfg = Release|Any CPU
		{D989142C-8473-403C-B2DC-0E6BDAE79F61}.Release|Any CPU.Build.0 = Release|Any CPU
		{A9E4C558-3C6D-475B-AE92-FF5DCA91D812}.Debug|Any CPU.ActiveCfg = Debug|Any CPU
		{A9E4C558-3C6D-475B-AE92-FF5DCA91D812}.Debug|Any CPU.Build.0 = Debug|Any CPU
		{A9E4C558-3C6D-475B-AE92-FF5DCA91D812}.Release|Any CPU.ActiveCfg = Release|Any CPU
		{A9E4C558-3C6D-475B-AE92-FF5DCA91D812}.Release|Any CPU.Build.0 = Release|Any CPU
	EndGlobalSection
	GlobalSection(SolutionProperties) = preSolution
		HideSolutionNode = FALSE
	EndGlobalSection
	GlobalSection(ExtensibilityGlobals) = postSolution
		SolutionGuid = {4A88B7BC-CC6B-4426-83A4-BDE1C2F9E809}
	EndGlobalSection
EndGlobal
